
Microsoft Visual Studio Solution File, Format Version 12.00
# Visual Studio Version 17
VisualStudioVersion = 17.9.34616.47
MinimumVisualStudioVersion = 10.0.40219.1
Project("{FAE04EC0-301F-11D3-BF4B-00C04F79EFBC}") = "ProiectPOO", "ProiectPOO.csproj", "{1FE025DC-1152-4300-9BCC-996C2F189DD6}"
EndProject
Global
	GlobalSection(SolutionConfigurationPlatforms) = preSolution
		Debug|Any CPU = Debug|Any CPU
		Release|Any CPU = Release|Any CPU
	EndGlobalSection
	GlobalSection(ProjectConfigurationPlatforms) = postSolution
		{1FE025DC-1152-4300-9BCC-996C2F189DD6}.Debug|Any CPU.ActiveCfg = Debug|Any CPU
		{1FE025DC-1152-4300-9BCC-996C2F189DD6}.Debug|Any CPU.Build.0 = Debug|Any CPU
		{1FE025DC-1152-4300-9BCC-996C2F189DD6}.Release|Any CPU.ActiveCfg = Release|Any CPU
		{1FE025DC-1152-4300-9BCC-996C2F189DD6}.Release|Any CPU.Build.0 = Release|Any CPU
	EndGlobalSection
	GlobalSection(SolutionProperties) = preSolution
		HideSolutionNode = FALSE
	EndGlobalSection
	GlobalSection(ExtensibilityGlobals) = postSolution
		SolutionGuid = {BF242426-151A-4E39-8CC2-416304C90A79}
	EndGlobalSection
EndGlobal
